
Microsoft Visual Studio Solution File, Format Version 12.00
# Visual Studio Version 17
VisualStudioVersion = 17.7.34024.191
MinimumVisualStudioVersion = 10.0.40219.1
Project("{FAE04EC0-301F-11D3-BF4B-00C04F79EFBC}") = "SprintOne_Employee_Management_System", "SprintOne_Employee_Management_System\SprintOne_Employee_Management_System.csproj", "{BBD3E4E9-C2C3-45E6-ADA9-33ABD780803B}"
EndProject
Global
	GlobalSection(SolutionConfigurationPlatforms) = preSolution
		Debug|Any CPU = Debug|Any CPU
		Release|Any CPU = Release|Any CPU
	EndGlobalSection
	GlobalSection(ProjectConfigurationPlatforms) = postSolution
		{BBD3E4E9-C2C3-45E6-ADA9-33ABD780803B}.Debug|Any CPU.ActiveCfg = Debug|Any CPU
		{BBD3E4E9-C2C3-45E6-ADA9-33ABD780803B}.Debug|Any CPU.Build.0 = Debug|Any CPU
		{BBD3E4E9-C2C3-45E6-ADA9-33ABD780803B}.Release|Any CPU.ActiveCfg = Release|Any CPU
		{BBD3E4E9-C2C3-45E6-ADA9-33ABD780803B}.Release|Any CPU.Build.0 = Release|Any CPU
	EndGlobalSection
	GlobalSection(SolutionProperties) = preSolution
		HideSolutionNode = FALSE
	EndGlobalSection
	GlobalSection(ExtensibilityGlobals) = postSolution
		SolutionGuid = {58A2616C-076A-41E4-930A-ECE1D2FFD775}
	EndGlobalSection
EndGlobal
